
Microsoft Visual Studio Solution File, Format Version 12.00
Project("{FAE04EC0-301F-11D3-BF4B-00C04F79EFBC}") = "AFPlay-MacOs", "AFPlay-MacOs\AFPlay-MacOs.csproj", "{61460FB7-1FBB-4879-B9DF-3791D1981082}"
EndProject
Global
	GlobalSection(SolutionConfigurationPlatforms) = preSolution
		Debug|Any CPU = Debug|Any CPU
		Release|Any CPU = Release|Any CPU
	EndGlobalSection
	GlobalSection(ProjectConfigurationPlatforms) = postSolution
		{61460FB7-1FBB-4879-B9DF-3791D1981082}.Debug|Any CPU.ActiveCfg = Debug|Any CPU
		{61460FB7-1FBB-4879-B9DF-3791D1981082}.Debug|Any CPU.Build.0 = Debug|Any CPU
		{61460FB7-1FBB-4879-B9DF-3791D1981082}.Release|Any CPU.ActiveCfg = Release|Any CPU
		{61460FB7-1FBB-4879-B9DF-3791D1981082}.Release|Any CPU.Build.0 = Release|Any CPU
	EndGlobalSection
EndGlobal
